
Microsoft Visual Studio Solution File, Format Version 12.00
# Visual Studio Version 17
VisualStudioVersion = 17.2.32602.215
MinimumVisualStudioVersion = 10.0.40219.1
Project("{00D1A9C2-B5F0-4AF3-8072-F6C62B433612}") = "Challenge_GCBA_Zappia", "Challenge_GCBA_Zappia.sqlproj", "{BAC0E7F8-5214-4263-AC19-D00CF9A9306E}"
EndProject
Project("{2150E333-8FDC-42A3-9474-1A3956D46DE8}") = "Solución VS 2022", "Solución VS 2022", "{E6A566E4-8C1E-40CA-8CF2-E6DAD0BC1D22}"
	ProjectSection(SolutionItems) = preProject
		App.config = App.config
		DataSet.Designer.cs = DataSet.Designer.cs
		DataSet.xsc = DataSet.xsc
		DataSet.xsd = DataSet.xsd
		DataSet.xss = DataSet.xss
		DataSetBase.cs = DataSetBase.cs
		DataSetBase1.cs = DataSetBase1.cs
		DataSetBase2.cs = DataSetBase2.cs
		DataTable.cs = DataTable.cs
		Form.cs = Form.cs
		FrmEdArticulo.cs = FrmEdArticulo.cs
		FrmEdArticulo.Designer.cs = FrmEdArticulo.Designer.cs
		FrmEdArticulo.resx = FrmEdArticulo.resx
		FrmEdDepartamento.cs = FrmEdDepartamento.cs
		FrmEdDepartamento.Designer.cs = FrmEdDepartamento.Designer.cs
		FrmEdDepartamento.resx = FrmEdDepartamento.resx
		FrmEdEmpleado.cs = FrmEdEmpleado.cs
		FrmEdEmpleado.Designer.cs = FrmEdEmpleado.Designer.cs
		FrmEdEmpleado.resx = FrmEdEmpleado.resx
		FrmEdMarca.cs = FrmEdMarca.cs
		FrmEdMarca.Designer.cs = FrmEdMarca.Designer.cs
		FrmEdMarca.resx = FrmEdMarca.resx
		frmEdMedida.cs = frmEdMedida.cs
		frmEdMedida.Designer.cs = frmEdMedida.Designer.cs
		frmEdMedida.resx = frmEdMedida.resx
		FrmEdOrden.cs = FrmEdOrden.cs
		FrmEdOrden.Designer.cs = FrmEdOrden.Designer.cs
		FrmEdOrden.resx = FrmEdOrden.resx
		FrmEdProveedor.cs = FrmEdProveedor.cs
		FrmEdProveedor.Designer.cs = FrmEdProveedor.Designer.cs
		FrmEdProveedor.resx = FrmEdProveedor.resx
		frmEdSolicitud.cs = frmEdSolicitud.cs
		frmEdSolicitud.Designer.cs = frmEdSolicitud.Designer.cs
		frmEdSolicitud.resx = frmEdSolicitud.resx
		GlobalSuppressions.cs = GlobalSuppressions.cs
		Ingreso.cs = Ingreso.cs
		Ingreso.Designer.cs = Ingreso.Designer.cs
		Ingreso.resx = Ingreso.resx
		IngresoBase.cs = IngresoBase.cs
		IngresoBaseBaseBaseBase.cs = IngresoBaseBaseBaseBase.cs
		IngresoEntities.cs = IngresoEntities.cs
		LICENSE.txt = LICENSE.txt
		MainView.cs = MainView.cs
		MainView.Designer.cs = MainView.Designer.cs
		MainView.resx = MainView.resx
		Microsoft-SQL-Server-Scripts-Utils-master.zip = Microsoft-SQL-Server-Scripts-Utils-master.zip
		Model1.Context.cs = Model1.Context.cs
		Model1.Context.tt = Model1.Context.tt
		Model1.cs = Model1.cs
		Model1.Designer.cs = Model1.Designer.cs
		Model1.edmx = Model1.edmx
		Model1.edmx.diagram = Model1.edmx.diagram
		Model1.tt = Model1.tt
		nameof.cs = nameof.cs
		NameofNewStruct1.cs = NameofNewStruct1.cs
		open-xml-powertools.4.4.0.nupkg = open-xml-powertools.4.4.0.nupkg
		OpenXml Power Tools.csproj = OpenXml Power Tools.csproj
		OpenXml Power Tools.csproj.vspscc = OpenXml Power Tools.csproj.vspscc
		OpenXml Power Tools.sln = OpenXml Power Tools.sln
		OpenXml Power Tools.vssscc = OpenXml Power Tools.vssscc
		OpenXml.PowerTools.dll-Help.xml = OpenXml.PowerTools.dll-Help.xml
		OpenXmlPowerToolsSnapin.cs = OpenXmlPowerToolsSnapin.cs
		packages.config = packages.config
		Procedure1.sql = Procedure1.sql
		Program.cs = Program.cs
		README.md = README.md
		sender.cs = sender.cs
		sql.cs = sql.cs
		SqlCommand.cs = SqlCommand.cs
		SqlConnection.cs = SqlConnection.cs
		Usuarios.cs = Usuarios.cs
	EndProjectSection
EndProject
Global
	GlobalSection(SolutionConfigurationPlatforms) = preSolution
		Debug|Any CPU = Debug|Any CPU
		Release|Any CPU = Release|Any CPU
	EndGlobalSection
	GlobalSection(ProjectConfigurationPlatforms) = postSolution
		{BAC0E7F8-5214-4263-AC19-D00CF9A9306E}.Debug|Any CPU.ActiveCfg = Debug|Any CPU
		{BAC0E7F8-5214-4263-AC19-D00CF9A9306E}.Debug|Any CPU.Build.0 = Debug|Any CPU
		{BAC0E7F8-5214-4263-AC19-D00CF9A9306E}.Debug|Any CPU.Deploy.0 = Debug|Any CPU
		{BAC0E7F8-5214-4263-AC19-D00CF9A9306E}.Release|Any CPU.ActiveCfg = Release|Any CPU
		{BAC0E7F8-5214-4263-AC19-D00CF9A9306E}.Release|Any CPU.Build.0 = Release|Any CPU
		{BAC0E7F8-5214-4263-AC19-D00CF9A9306E}.Release|Any CPU.Deploy.0 = Release|Any CPU
	EndGlobalSection
	GlobalSection(SolutionProperties) = preSolution
		HideSolutionNode = FALSE
	EndGlobalSection
	GlobalSection(ExtensibilityGlobals) = postSolution
		SolutionGuid = {02D23B24-77F5-498C-923F-20587FA1FD4E}
	EndGlobalSection
EndGlobal
