
Microsoft Visual Studio Solution File, Format Version 12.00
# Visual Studio Version 17
VisualStudioVersion = 17.2.32602.215
MinimumVisualStudioVersion = 10.0.40219.1
Project("{00D1A9C2-B5F0-4AF3-8072-F6C62B433612}") = "Challenge_GCBA_Zappia", "Challenge_GCBA_Zappia.sqlproj", "{BAC0E7F8-5214-4263-AC19-D00CF9A9306E}"
EndProject
Global
	GlobalSection(SolutionConfigurationPlatforms) = preSolution
		Debug|Any CPU = Debug|Any CPU
		Release|Any CPU = Release|Any CPU
	EndGlobalSection
	GlobalSection(ProjectConfigurationPlatforms) = postSolution
		{BAC0E7F8-5214-4263-AC19-D00CF9A9306E}.Debug|Any CPU.ActiveCfg = Debug|Any CPU
		{BAC0E7F8-5214-4263-AC19-D00CF9A9306E}.Debug|Any CPU.Build.0 = Debug|Any CPU
		{BAC0E7F8-5214-4263-AC19-D00CF9A9306E}.Debug|Any CPU.Deploy.0 = Debug|Any CPU
		{BAC0E7F8-5214-4263-AC19-D00CF9A9306E}.Release|Any CPU.ActiveCfg = Release|Any CPU
		{BAC0E7F8-5214-4263-AC19-D00CF9A9306E}.Release|Any CPU.Build.0 = Release|Any CPU
		{BAC0E7F8-5214-4263-AC19-D00CF9A9306E}.Release|Any CPU.Deploy.0 = Release|Any CPU
	EndGlobalSection
	GlobalSection(SolutionProperties) = preSolution
		HideSolutionNode = FALSE
	EndGlobalSection
	GlobalSection(ExtensibilityGlobals) = postSolution
		SolutionGuid = {02D23B24-77F5-498C-923F-20587FA1FD4E}
	EndGlobalSection
EndGlobal
